
Microsoft Visual Studio Solution File, Format Version 12.00
# Visual Studio 2013
VisualStudioVersion = 12.0.30501.0
MinimumVisualStudioVersion = 10.0.40219.1
Project("{8BC9CEB8-8B4A-11D0-8D11-00A0C91BC942}") = "verketteteListe", "verketteteListe\verketteteListe.vcxproj", "{BF48D892-7F51-4D80-BA9B-76DC8E8735A2}"
EndProject
Project("{8BC9CEB8-8B4A-11D0-8D11-00A0C91BC942}") = "Deque", "Deque\Deque.vcxproj", "{366AC2F7-EAE1-4D52-8D05-40EF34FC6990}"
EndProject
Project("{8BC9CEB8-8B4A-11D0-8D11-00A0C91BC942}") = "Sandbox", "Sandbox\Sandbox.vcxproj", "{EF0F0A6E-918E-4A72-B185-48E9056F00D9}"
EndProject
Global
	GlobalSection(SolutionConfigurationPlatforms) = preSolution
		Debug|Win32 = Debug|Win32
		Release|Win32 = Release|Win32
	EndGlobalSection
	GlobalSection(ProjectConfigurationPlatforms) = postSolution
		{BF48D892-7F51-4D80-BA9B-76DC8E8735A2}.Debug|Win32.ActiveCfg = Debug|Win32
		{BF48D892-7F51-4D80-BA9B-76DC8E8735A2}.Debug|Win32.Build.0 = Debug|Win32
		{BF48D892-7F51-4D80-BA9B-76DC8E8735A2}.Release|Win32.ActiveCfg = Release|Win32
		{BF48D892-7F51-4D80-BA9B-76DC8E8735A2}.Release|Win32.Build.0 = Release|Win32
		{366AC2F7-EAE1-4D52-8D05-40EF34FC6990}.Debug|Win32.ActiveCfg = Debug|Win32
		{366AC2F7-EAE1-4D52-8D05-40EF34FC6990}.Debug|Win32.Build.0 = Debug|Win32
		{366AC2F7-EAE1-4D52-8D05-40EF34FC6990}.Release|Win32.ActiveCfg = Release|Win32
		{366AC2F7-EAE1-4D52-8D05-40EF34FC6990}.Release|Win32.Build.0 = Release|Win32
		{EF0F0A6E-918E-4A72-B185-48E9056F00D9}.Debug|Win32.ActiveCfg = Debug|Win32
		{EF0F0A6E-918E-4A72-B185-48E9056F00D9}.Debug|Win32.Build.0 = Debug|Win32
		{EF0F0A6E-918E-4A72-B185-48E9056F00D9}.Release|Win32.ActiveCfg = Release|Win32
		{EF0F0A6E-918E-4A72-B185-48E9056F00D9}.Release|Win32.Build.0 = Release|Win32
	EndGlobalSection
	GlobalSection(SolutionProperties) = preSolution
		HideSolutionNode = FALSE
	EndGlobalSection
EndGlobal
